version: 5
environments:
  default:
    channels:
    - url: https://conda.anaconda.org/conda-forge/
    packages:
      linux-64:
      - conda: https://conda.anaconda.org/conda-forge/linux-64/_libgcc_mutex-0.1-conda_forge.tar.bz2
      - conda: https://conda.anaconda.org/conda-forge/linux-64/_openmp_mutex-4.5-2_gnu.tar.bz2
      - conda: https://conda.anaconda.org/conda-forge/noarch/babel-2.14.0-pyhd8ed1ab_0.conda
      - conda: https://conda.anaconda.org/conda-forge/noarch/blinker-1.8.2-pyhd8ed1ab_0.conda
      - conda: https://conda.anaconda.org/conda-forge/noarch/boto3-1.34.112-pyhd8ed1ab_0.conda
      - conda: https://conda.anaconda.org/conda-forge/noarch/botocore-1.34.112-pyge310_1234567_0.conda
      - conda: https://conda.anaconda.org/conda-forge/linux-64/brotli-python-1.1.0-py312h30efb56_1.conda
      - conda: https://conda.anaconda.org/conda-forge/linux-64/bzip2-1.0.8-hd590300_5.conda
      - conda: https://conda.anaconda.org/conda-forge/linux-64/ca-certificates-2024.2.2-hbcca054_0.conda
      - conda: https://conda.anaconda.org/conda-forge/noarch/certifi-2024.2.2-pyhd8ed1ab_0.conda
      - conda: https://conda.anaconda.org/conda-forge/noarch/charset-normalizer-3.3.2-pyhd8ed1ab_0.conda
      - conda: https://conda.anaconda.org/conda-forge/noarch/click-8.1.7-unix_pyh707e725_0.conda
      - conda: https://conda.anaconda.org/conda-forge/noarch/colorama-0.4.6-pyhd8ed1ab_0.tar.bz2
      - conda: https://conda.anaconda.org/conda-forge/noarch/docopt-0.6.2-py_1.tar.bz2
      - conda: https://conda.anaconda.org/conda-forge/noarch/flask-3.0.3-pyhd8ed1ab_0.conda
      - conda: https://conda.anaconda.org/conda-forge/noarch/ghp-import-2.1.0-pyhd8ed1ab_0.tar.bz2
      - conda: https://conda.anaconda.org/conda-forge/noarch/gitdb-4.0.11-pyhd8ed1ab_0.conda
      - conda: https://conda.anaconda.org/conda-forge/noarch/gitpython-3.1.43-pyhd8ed1ab_0.conda
      - conda: https://conda.anaconda.org/conda-forge/noarch/idna-3.7-pyhd8ed1ab_0.conda
      - conda: https://conda.anaconda.org/conda-forge/noarch/importlib-metadata-7.1.0-pyha770c72_0.conda
      - conda: https://conda.anaconda.org/conda-forge/noarch/itsdangerous-2.2.0-pyhd8ed1ab_0.conda
      - conda: https://conda.anaconda.org/conda-forge/noarch/jinja2-3.1.4-pyhd8ed1ab_0.conda
      - conda: https://conda.anaconda.org/conda-forge/noarch/jmespath-1.0.1-pyhd8ed1ab_0.tar.bz2
      - conda: https://conda.anaconda.org/conda-forge/linux-64/ld_impl_linux-64-2.40-h55db66e_0.conda
      - conda: https://conda.anaconda.org/conda-forge/linux-64/libexpat-2.6.2-h59595ed_0.conda
      - conda: https://conda.anaconda.org/conda-forge/linux-64/libffi-3.4.2-h7f98852_5.tar.bz2
      - conda: https://conda.anaconda.org/conda-forge/linux-64/libgcc-ng-13.2.0-h77fa898_7.conda
      - conda: https://conda.anaconda.org/conda-forge/linux-64/libgomp-13.2.0-h77fa898_7.conda
      - conda: https://conda.anaconda.org/conda-forge/linux-64/libnsl-2.0.1-hd590300_0.conda
      - conda: https://conda.anaconda.org/conda-forge/linux-64/libsqlite-3.45.3-h2797004_0.conda
      - conda: https://conda.anaconda.org/conda-forge/linux-64/libstdcxx-ng-13.2.0-hc0a3c3a_7.conda
      - conda: https://conda.anaconda.org/conda-forge/linux-64/libuuid-2.38.1-h0b41bf4_0.conda
      - conda: https://conda.anaconda.org/conda-forge/linux-64/libxcrypt-4.4.36-hd590300_1.conda
      - conda: https://conda.anaconda.org/conda-forge/linux-64/libzlib-1.2.13-hd590300_5.conda
      - conda: https://conda.anaconda.org/conda-forge/noarch/markdown-3.6-pyhd8ed1ab_0.conda
      - conda: https://conda.anaconda.org/conda-forge/linux-64/markupsafe-2.1.5-py312h98912ed_0.conda
      - conda: https://conda.anaconda.org/conda-forge/noarch/mergedeep-1.3.4-pyhd8ed1ab_0.tar.bz2
      - conda: https://conda.anaconda.org/conda-forge/noarch/mkdocs-1.6.0-pyhd8ed1ab_0.conda
      - conda: https://conda.anaconda.org/conda-forge/noarch/mkdocs-get-deps-0.2.0-pyhd8ed1ab_0.conda
      - conda: https://conda.anaconda.org/conda-forge/noarch/mkdocs-git-committers-plugin-2-2.3.0-pyhd8ed1ab_0.conda
      - conda: https://conda.anaconda.org/conda-forge/noarch/mkdocs-git-revision-date-localized-plugin-1.2.5-pyhd8ed1ab_0.conda
      - conda: https://conda.anaconda.org/conda-forge/noarch/mkdocs-material-9.5.24-pyhd8ed1ab_0.conda
      - conda: https://conda.anaconda.org/conda-forge/noarch/mkdocs-material-extensions-1.3.1-pyhd8ed1ab_0.conda
      - conda: https://conda.anaconda.org/conda-forge/linux-64/ncurses-6.5-h59595ed_0.conda
      - conda: https://conda.anaconda.org/conda-forge/linux-64/openssl-3.3.0-h4ab18f5_3.conda
      - conda: https://conda.anaconda.org/conda-forge/noarch/packaging-24.0-pyhd8ed1ab_0.conda
      - conda: https://conda.anaconda.org/conda-forge/noarch/paginate-0.5.6-pyhd8ed1ab_0.conda
      - conda: https://conda.anaconda.org/conda-forge/noarch/pathspec-0.12.1-pyhd8ed1ab_0.conda
      - conda: https://conda.anaconda.org/conda-forge/noarch/pipreqs-0.4.13-pyhd8ed1ab_0.conda
      - conda: https://conda.anaconda.org/conda-forge/noarch/platformdirs-4.2.2-pyhd8ed1ab_0.conda
      - conda: https://conda.anaconda.org/conda-forge/noarch/pygments-2.18.0-pyhd8ed1ab_0.conda
      - conda: https://conda.anaconda.org/conda-forge/noarch/pymdown-extensions-10.8.1-pyhd8ed1ab_0.conda
      - conda: https://conda.anaconda.org/conda-forge/noarch/pysocks-1.7.1-pyha2e5f31_6.tar.bz2
      - conda: https://conda.anaconda.org/conda-forge/linux-64/python-3.12.3-hab00c5b_0_cpython.conda
      - conda: https://conda.anaconda.org/conda-forge/noarch/python-dateutil-2.9.0-pyhd8ed1ab_0.conda
      - conda: https://conda.anaconda.org/conda-forge/linux-64/python_abi-3.12-4_cp312.conda
      - conda: https://conda.anaconda.org/conda-forge/noarch/pytz-2024.1-pyhd8ed1ab_0.conda
      - conda: https://conda.anaconda.org/conda-forge/linux-64/pyyaml-6.0.1-py312h98912ed_1.conda
      - conda: https://conda.anaconda.org/conda-forge/noarch/pyyaml-env-tag-0.1-pyhd8ed1ab_0.tar.bz2
      - conda: https://conda.anaconda.org/conda-forge/linux-64/readline-8.2-h8228510_1.conda
      - conda: https://conda.anaconda.org/conda-forge/linux-64/regex-2024.5.15-py312h9a8786e_0.conda
      - conda: https://conda.anaconda.org/conda-forge/noarch/requests-2.32.2-pyhd8ed1ab_0.conda
      - conda: https://conda.anaconda.org/conda-forge/noarch/s3transfer-0.10.1-pyhd8ed1ab_0.conda
      - conda: https://conda.anaconda.org/conda-forge/noarch/setuptools-70.0.0-pyhd8ed1ab_0.conda
      - conda: https://conda.anaconda.org/conda-forge/noarch/six-1.16.0-pyh6c4a22f_0.tar.bz2
      - conda: https://conda.anaconda.org/conda-forge/noarch/smmap-5.0.0-pyhd8ed1ab_0.tar.bz2
      - conda: https://conda.anaconda.org/conda-forge/linux-64/tk-8.6.13-noxft_h4845f30_101.conda
      - conda: https://conda.anaconda.org/conda-forge/noarch/typing_extensions-4.11.0-pyha770c72_0.conda
      - conda: https://conda.anaconda.org/conda-forge/noarch/tzdata-2024a-h0c530f3_0.conda
      - conda: https://conda.anaconda.org/conda-forge/noarch/urllib3-2.2.1-pyhd8ed1ab_0.conda
      - conda: https://conda.anaconda.org/conda-forge/linux-64/watchdog-4.0.1-py312h7900ff3_0.conda
      - conda: https://conda.anaconda.org/conda-forge/noarch/werkzeug-3.0.3-pyhd8ed1ab_0.conda
      - conda: https://conda.anaconda.org/conda-forge/linux-64/xz-5.2.6-h166bdaf_0.tar.bz2
      - conda: https://conda.anaconda.org/conda-forge/linux-64/yaml-0.2.5-h7f98852_2.tar.bz2
      - conda: https://conda.anaconda.org/conda-forge/noarch/yarg-0.1.9-py_1.tar.bz2
      - conda: https://conda.anaconda.org/conda-forge/noarch/zipp-3.17.0-pyhd8ed1ab_0.conda
packages:
- kind: conda
  name: _libgcc_mutex
  version: '0.1'
  build: conda_forge
  subdir: linux-64
  url: https://conda.anaconda.org/conda-forge/linux-64/_libgcc_mutex-0.1-conda_forge.tar.bz2
  sha256: fe51de6107f9edc7aa4f786a70f4a883943bc9d39b3bb7307c04c41410990726
  md5: d7c89558ba9fa0495403155b64376d81
  license: None
  size: 2562
  timestamp: 1578324546067
- kind: conda
  name: _openmp_mutex
  version: '4.5'
  build: 2_gnu
  build_number: 16
  subdir: linux-64
  url: https://conda.anaconda.org/conda-forge/linux-64/_openmp_mutex-4.5-2_gnu.tar.bz2
  sha256: fbe2c5e56a653bebb982eda4876a9178aedfc2b545f25d0ce9c4c0b508253d22
  md5: 73aaf86a425cc6e73fcf236a5a46396d
  depends:
  - _libgcc_mutex 0.1 conda_forge
  - libgomp >=7.5.0
  constrains:
  - openmp_impl 9999
  license: BSD-3-Clause
  license_family: BSD
  size: 23621
  timestamp: 1650670423406
- kind: conda
  name: babel
  version: 2.14.0
  build: pyhd8ed1ab_0
  subdir: noarch
  noarch: python
  url: https://conda.anaconda.org/conda-forge/noarch/babel-2.14.0-pyhd8ed1ab_0.conda
  sha256: 8584e3da58e92b72641c89ff9b98c51f0d5dbe76e527867804cbdf03ac91d8e6
  md5: 9669586875baeced8fc30c0826c3270e
  depends:
  - python >=3.7
  - pytz
  - setuptools
  license: BSD-3-Clause
  license_family: BSD
  size: 7609750
  timestamp: 1702422720584
- kind: conda
  name: blinker
  version: 1.8.2
  build: pyhd8ed1ab_0
  subdir: noarch
  noarch: python
  url: https://conda.anaconda.org/conda-forge/noarch/blinker-1.8.2-pyhd8ed1ab_0.conda
  sha256: 8ca3cd8f78d0607df28c9f76adb9800348f8f2dc8aa49d188a995a0acdc4477d
  md5: cf85c002319c15e9721934104aaa1137
  depends:
  - python >=3.8
  license: MIT
  license_family: MIT
  size: 14707
  timestamp: 1715091300511
- kind: conda
  name: boto3
  version: 1.34.112
  build: pyhd8ed1ab_0
  subdir: noarch
  noarch: python
  url: https://conda.anaconda.org/conda-forge/noarch/boto3-1.34.112-pyhd8ed1ab_0.conda
  sha256: acd91a1cdb62695ba206f30ac2800a6b641b85563c6d39bb0f30999075d246bd
  md5: a8fcca78e71bdae88252dac0a81e69c6
  depends:
  - botocore >=1.34.112,<1.35.0
  - jmespath >=0.7.1,<2.0.0
  - python >=3.8
  - s3transfer >=0.10.0,<0.11.0
  license: Apache-2.0
  license_family: Apache
  size: 81035
  timestamp: 1716563840956
- kind: conda
  name: botocore
  version: 1.34.112
  build: pyge310_1234567_0
  subdir: noarch
  noarch: python
  url: https://conda.anaconda.org/conda-forge/noarch/botocore-1.34.112-pyge310_1234567_0.conda
  sha256: 48c638ea477b7992b12c63e5d6277ccd3efc1bc9bd5a75e583ae62adc61d7729
  md5: 81c830fcef686e3344472e8746399fc5
  depends:
  - jmespath >=0.7.1,<2.0.0
  - python >=3.10
  - python-dateutil >=2.1,<3.0.0
  - urllib3 >=1.25.4,!=2.2.0,<3
  license: Apache-2.0
  license_family: Apache
  size: 7006659
  timestamp: 1716540635098
- kind: conda
  name: brotli-python
  version: 1.1.0
  build: py312h30efb56_1
  build_number: 1
  subdir: linux-64
  url: https://conda.anaconda.org/conda-forge/linux-64/brotli-python-1.1.0-py312h30efb56_1.conda
  sha256: b68706698b6ac0d31196a8bcb061f0d1f35264bcd967ea45e03e108149a74c6f
  md5: 45801a89533d3336a365284d93298e36
  depends:
  - libgcc-ng >=12
  - libstdcxx-ng >=12
  - python >=3.12.0rc3,<3.13.0a0
  - python_abi 3.12.* *_cp312
  constrains:
  - libbrotlicommon 1.1.0 hd590300_1
  license: MIT
  license_family: MIT
  size: 350604
  timestamp: 1695990206327
- kind: conda
  name: bzip2
  version: 1.0.8
  build: hd590300_5
  build_number: 5
  subdir: linux-64
  url: https://conda.anaconda.org/conda-forge/linux-64/bzip2-1.0.8-hd590300_5.conda
  sha256: 242c0c324507ee172c0e0dd2045814e746bb303d1eb78870d182ceb0abc726a8
  md5: 69b8b6202a07720f448be700e300ccf4
  depends:
  - libgcc-ng >=12
  license: bzip2-1.0.6
  license_family: BSD
  size: 254228
  timestamp: 1699279927352
- kind: conda
  name: ca-certificates
  version: 2024.2.2
  build: hbcca054_0
  subdir: linux-64
  url: https://conda.anaconda.org/conda-forge/linux-64/ca-certificates-2024.2.2-hbcca054_0.conda
  sha256: 91d81bfecdbb142c15066df70cc952590ae8991670198f92c66b62019b251aeb
  md5: 2f4327a1cbe7f022401b236e915a5fef
  license: ISC
  size: 155432
  timestamp: 1706843687645
- kind: conda
  name: certifi
  version: 2024.2.2
  build: pyhd8ed1ab_0
  subdir: noarch
  noarch: python
  url: https://conda.anaconda.org/conda-forge/noarch/certifi-2024.2.2-pyhd8ed1ab_0.conda
  sha256: f1faca020f988696e6b6ee47c82524c7806380b37cfdd1def32f92c326caca54
  md5: 0876280e409658fc6f9e75d035960333
  depends:
  - python >=3.7
  license: ISC
  size: 160559
  timestamp: 1707022289175
- kind: conda
  name: charset-normalizer
  version: 3.3.2
  build: pyhd8ed1ab_0
  subdir: noarch
  noarch: python
  url: https://conda.anaconda.org/conda-forge/noarch/charset-normalizer-3.3.2-pyhd8ed1ab_0.conda
  sha256: 20cae47d31fdd58d99c4d2e65fbdcefa0b0de0c84e455ba9d6356a4bdbc4b5b9
  md5: 7f4a9e3fcff3f6356ae99244a014da6a
  depends:
  - python >=3.7
  license: MIT
  license_family: MIT
  size: 46597
  timestamp: 1698833765762
- kind: conda
  name: click
  version: 8.1.7
  build: unix_pyh707e725_0
  subdir: noarch
  noarch: python
  url: https://conda.anaconda.org/conda-forge/noarch/click-8.1.7-unix_pyh707e725_0.conda
  sha256: f0016cbab6ac4138a429e28dbcb904a90305b34b3fe41a9b89d697c90401caec
  md5: f3ad426304898027fc619827ff428eca
  depends:
  - __unix
  - python >=3.8
  license: BSD-3-Clause
  license_family: BSD
  size: 84437
  timestamp: 1692311973840
- kind: conda
  name: colorama
  version: 0.4.6
  build: pyhd8ed1ab_0
  subdir: noarch
  noarch: python
  url: https://conda.anaconda.org/conda-forge/noarch/colorama-0.4.6-pyhd8ed1ab_0.tar.bz2
  sha256: 2c1b2e9755ce3102bca8d69e8f26e4f087ece73f50418186aee7c74bef8e1698
  md5: 3faab06a954c2a04039983f2c4a50d99
  depends:
  - python >=3.7
  license: BSD-3-Clause
  license_family: BSD
  size: 25170
  timestamp: 1666700778190
- kind: conda
  name: docopt
  version: 0.6.2
  build: py_1
  build_number: 1
  subdir: noarch
  noarch: python
  url: https://conda.anaconda.org/conda-forge/noarch/docopt-0.6.2-py_1.tar.bz2
  sha256: 4bbfb8ab343b4711223aedf797a2678955412124e71415dc2fe9816248f0b28d
  md5: a9ed63e45579cfef026a916af2bc27c9
  depends:
  - python
  license: MIT
  license_family: MIT
  size: 14691
  timestamp: 1530916777462
- kind: conda
  name: flask
  version: 3.0.3
  build: pyhd8ed1ab_0
  subdir: noarch
  noarch: python
  url: https://conda.anaconda.org/conda-forge/noarch/flask-3.0.3-pyhd8ed1ab_0.conda
  sha256: 2fc508f656fe52cb2f9a69c9c62077934d6a81510256dbe85f95beb7d9620238
  md5: dcdb937144fa20d7757bf512db1ea769
  depends:
  - blinker >=1.6.2
  - click >=8.1.3
  - importlib-metadata >=3.6.0
  - itsdangerous >=2.1.2
  - jinja2 >=3.1.2
  - python >=3.8
  - werkzeug >=3.0.0
  license: BSD-3-Clause
  license_family: BSD
  size: 80797
  timestamp: 1712667841142
- kind: conda
  name: ghp-import
  version: 2.1.0
  build: pyhd8ed1ab_0
  subdir: noarch
  noarch: python
  url: https://conda.anaconda.org/conda-forge/noarch/ghp-import-2.1.0-pyhd8ed1ab_0.tar.bz2
  sha256: 097d9b4c946b195800bc68f68393370049238509b08ef828c06fbf481bbc139c
  md5: 6d8d61116031a3f5b1f32e7899785866
  depends:
  - python >=3.6
  - python-dateutil >=2.8.1
  license: LicenseRef-Tumbolia-Public
  size: 15504
  timestamp: 1651585848291
- kind: conda
  name: gitdb
  version: 4.0.11
  build: pyhd8ed1ab_0
  subdir: noarch
  noarch: python
  url: https://conda.anaconda.org/conda-forge/noarch/gitdb-4.0.11-pyhd8ed1ab_0.conda
  sha256: 52ab2798be31b8f509eeec458712f447ced4f96ecb672c6c9a42778f47e07b1b
  md5: 623b19f616f2ca0c261441067e18ae40
  depends:
  - python >=3.7
  - smmap >=3.0.1,<6
  license: BSD-3-Clause
  license_family: BSD
  size: 52872
  timestamp: 1697791718749
- kind: conda
  name: gitpython
  version: 3.1.43
  build: pyhd8ed1ab_0
  subdir: noarch
  noarch: python
  url: https://conda.anaconda.org/conda-forge/noarch/gitpython-3.1.43-pyhd8ed1ab_0.conda
  sha256: cbb2802641a009ce9bcc2a047e817fd8816f9c842036a42f4730398d8e4cda2a
  md5: 0b2154c1818111e17381b1df5b4b0176
  depends:
  - gitdb >=4.0.1,<5
  - python >=3.7
  - typing_extensions >=3.7.4.3
  license: BSD-3-Clause
  license_family: BSD
  size: 156827
  timestamp: 1711991122366
- kind: conda
  name: idna
  version: '3.7'
  build: pyhd8ed1ab_0
  subdir: noarch
  noarch: python
  url: https://conda.anaconda.org/conda-forge/noarch/idna-3.7-pyhd8ed1ab_0.conda
  sha256: 9687ee909ed46169395d4f99a0ee94b80a52f87bed69cd454bb6d37ffeb0ec7b
  md5: c0cc1420498b17414d8617d0b9f506ca
  depends:
  - python >=3.6
  license: BSD-3-Clause
  license_family: BSD
  size: 52718
  timestamp: 1713279497047
- kind: conda
  name: importlib-metadata
  version: 7.1.0
  build: pyha770c72_0
  subdir: noarch
  noarch: python
  url: https://conda.anaconda.org/conda-forge/noarch/importlib-metadata-7.1.0-pyha770c72_0.conda
  sha256: cc2e7d1f7f01cede30feafc1118b7aefa244d0a12224513734e24165ae12ba49
  md5: 0896606848b2dc5cebdf111b6543aa04
  depends:
  - python >=3.8
  - zipp >=0.5
  license: Apache-2.0
  license_family: APACHE
  size: 27043
  timestamp: 1710971498183
- kind: conda
  name: itsdangerous
  version: 2.2.0
  build: pyhd8ed1ab_0
  subdir: noarch
  noarch: python
  url: https://conda.anaconda.org/conda-forge/noarch/itsdangerous-2.2.0-pyhd8ed1ab_0.conda
  sha256: 4e933e36e9b0401b62ea8fd63393827ebeb4250de77a56687afb387d504523c5
  md5: ff7ca04134ee8dde1d7cf491a78ef7c7
  depends:
  - python >=3.8
  license: BSD-3-Clause
  license_family: BSD
  size: 19333
  timestamp: 1713372766463
- kind: conda
  name: jinja2
  version: 3.1.4
  build: pyhd8ed1ab_0
  subdir: noarch
  noarch: python
  url: https://conda.anaconda.org/conda-forge/noarch/jinja2-3.1.4-pyhd8ed1ab_0.conda
  sha256: 27380d870d42d00350d2d52598cddaf02f9505fb24be09488da0c9b8d1428f2d
  md5: 7b86ecb7d3557821c649b3c31e3eb9f2
  depends:
  - markupsafe >=2.0
  - python >=3.7
  license: BSD-3-Clause
  license_family: BSD
  size: 111565
  timestamp: 1715127275924
- kind: conda
  name: jmespath
  version: 1.0.1
  build: pyhd8ed1ab_0
  subdir: noarch
  noarch: python
  url: https://conda.anaconda.org/conda-forge/noarch/jmespath-1.0.1-pyhd8ed1ab_0.tar.bz2
  sha256: 95ac5f9ee95fd4e34dc051746fc86016d3d4f6abefed113e2ede049d59ec2991
  md5: 2cfa3e1cf3fb51bb9b17acc5b5e9ea11
  depends:
  - python >=3.7
  license: MIT
  license_family: MIT
  size: 21003
  timestamp: 1655568358125
- kind: conda
  name: ld_impl_linux-64
  version: '2.40'
  build: h55db66e_0
  subdir: linux-64
  url: https://conda.anaconda.org/conda-forge/linux-64/ld_impl_linux-64-2.40-h55db66e_0.conda
  sha256: ef969eee228cfb71e55146eaecc6af065f468cb0bc0a5239bc053b39db0b5f09
  md5: 10569984e7db886e4f1abc2b47ad79a1
  constrains:
  - binutils_impl_linux-64 2.40
  license: GPL-3.0-only
  license_family: GPL
  size: 713322
  timestamp: 1713651222435
- kind: conda
  name: libexpat
  version: 2.6.2
  build: h59595ed_0
  subdir: linux-64
  url: https://conda.anaconda.org/conda-forge/linux-64/libexpat-2.6.2-h59595ed_0.conda
  sha256: 331bb7c7c05025343ebd79f86ae612b9e1e74d2687b8f3179faec234f986ce19
  md5: e7ba12deb7020dd080c6c70e7b6f6a3d
  depends:
  - libgcc-ng >=12
  constrains:
  - expat 2.6.2.*
  license: MIT
  license_family: MIT
  size: 73730
  timestamp: 1710362120304
- kind: conda
  name: libffi
  version: 3.4.2
  build: h7f98852_5
  build_number: 5
  subdir: linux-64
  url: https://conda.anaconda.org/conda-forge/linux-64/libffi-3.4.2-h7f98852_5.tar.bz2
  sha256: ab6e9856c21709b7b517e940ae7028ae0737546122f83c2aa5d692860c3b149e
  md5: d645c6d2ac96843a2bfaccd2d62b3ac3
  depends:
  - libgcc-ng >=9.4.0
  license: MIT
  license_family: MIT
  size: 58292
  timestamp: 1636488182923
- kind: conda
  name: libgcc-ng
  version: 13.2.0
  build: h77fa898_7
  build_number: 7
  subdir: linux-64
  url: https://conda.anaconda.org/conda-forge/linux-64/libgcc-ng-13.2.0-h77fa898_7.conda
  sha256: 62af2b89acbe74a21606c8410c276e57309c0a2ab8a9e8639e3c8131c0b60c92
  md5: 72ec1b1b04c4d15d4204ece1ecea5978
  depends:
  - _libgcc_mutex 0.1 conda_forge
  - _openmp_mutex >=4.5
  constrains:
  - libgomp 13.2.0 h77fa898_7
  license: GPL-3.0-only WITH GCC-exception-3.1
  license_family: GPL
  size: 775806
  timestamp: 1715016057793
- kind: conda
  name: libgomp
  version: 13.2.0
  build: h77fa898_7
  build_number: 7
  subdir: linux-64
  url: https://conda.anaconda.org/conda-forge/linux-64/libgomp-13.2.0-h77fa898_7.conda
  sha256: 781444fa069d3b50e8ed667b750571cacda785761c7fc2a89ece1ac49693d4ad
  md5: abf3fec87c2563697defa759dec3d639
  depends:
  - _libgcc_mutex 0.1 conda_forge
  license: GPL-3.0-only WITH GCC-exception-3.1
  license_family: GPL
  size: 422336
  timestamp: 1715015995979
- kind: conda
  name: libnsl
  version: 2.0.1
  build: hd590300_0
  subdir: linux-64
  url: https://conda.anaconda.org/conda-forge/linux-64/libnsl-2.0.1-hd590300_0.conda
  sha256: 26d77a3bb4dceeedc2a41bd688564fe71bf2d149fdcf117049970bc02ff1add6
  md5: 30fd6e37fe21f86f4bd26d6ee73eeec7
  depends:
  - libgcc-ng >=12
  license: LGPL-2.1-only
  license_family: GPL
  size: 33408
  timestamp: 1697359010159
- kind: conda
  name: libsqlite
  version: 3.45.3
  build: h2797004_0
  subdir: linux-64
  url: https://conda.anaconda.org/conda-forge/linux-64/libsqlite-3.45.3-h2797004_0.conda
  sha256: e2273d6860eadcf714a759ffb6dc24a69cfd01f2a0ea9d6c20f86049b9334e0c
  md5: b3316cbe90249da4f8e84cd66e1cc55b
  depends:
  - libgcc-ng >=12
  - libzlib >=1.2.13,<1.3.0a0
  license: Unlicense
  size: 859858
  timestamp: 1713367435849
- kind: conda
  name: libstdcxx-ng
  version: 13.2.0
  build: hc0a3c3a_7
  build_number: 7
  subdir: linux-64
  url: https://conda.anaconda.org/conda-forge/linux-64/libstdcxx-ng-13.2.0-hc0a3c3a_7.conda
  sha256: 35f1e08be0a84810c9075f5bd008495ac94e6c5fe306dfe4b34546f11fed850f
  md5: 53ebd4c833fa01cb2c6353e99f905406
  license: GPL-3.0-only WITH GCC-exception-3.1
  license_family: GPL
  size: 3837704
  timestamp: 1715016117360
- kind: conda
  name: libuuid
  version: 2.38.1
  build: h0b41bf4_0
  subdir: linux-64
  url: https://conda.anaconda.org/conda-forge/linux-64/libuuid-2.38.1-h0b41bf4_0.conda
  sha256: 787eb542f055a2b3de553614b25f09eefb0a0931b0c87dbcce6efdfd92f04f18
  md5: 40b61aab5c7ba9ff276c41cfffe6b80b
  depends:
  - libgcc-ng >=12
  license: BSD-3-Clause
  license_family: BSD
  size: 33601
  timestamp: 1680112270483
- kind: conda
  name: libxcrypt
  version: 4.4.36
  build: hd590300_1
  build_number: 1
  subdir: linux-64
  url: https://conda.anaconda.org/conda-forge/linux-64/libxcrypt-4.4.36-hd590300_1.conda
  sha256: 6ae68e0b86423ef188196fff6207ed0c8195dd84273cb5623b85aa08033a410c
  md5: 5aa797f8787fe7a17d1b0821485b5adc
  depends:
  - libgcc-ng >=12
  license: LGPL-2.1-or-later
  size: 100393
  timestamp: 1702724383534
- kind: conda
  name: libzlib
  version: 1.2.13
  build: hd590300_5
  build_number: 5
  subdir: linux-64
  url: https://conda.anaconda.org/conda-forge/linux-64/libzlib-1.2.13-hd590300_5.conda
  sha256: 370c7c5893b737596fd6ca0d9190c9715d89d888b8c88537ae1ef168c25e82e4
  md5: f36c115f1ee199da648e0597ec2047ad
  depends:
  - libgcc-ng >=12
  constrains:
  - zlib 1.2.13 *_5
  license: Zlib
  license_family: Other
  size: 61588
  timestamp: 1686575217516
- kind: conda
  name: markdown
  version: '3.6'
  build: pyhd8ed1ab_0
  subdir: noarch
  noarch: python
  url: https://conda.anaconda.org/conda-forge/noarch/markdown-3.6-pyhd8ed1ab_0.conda
  sha256: fce1fde00359696983989699c00f9891194c4ebafea647a8d21b7e2e3329b56e
  md5: 06e9bebf748a0dea03ecbe1f0e27e909
  depends:
  - importlib-metadata >=4.4
  - python >=3.6
  license: BSD-3-Clause
  license_family: BSD
  size: 78331
  timestamp: 1710435316163
- kind: conda
  name: markupsafe
  version: 2.1.5
  build: py312h98912ed_0
  subdir: linux-64
  url: https://conda.anaconda.org/conda-forge/linux-64/markupsafe-2.1.5-py312h98912ed_0.conda
  sha256: 273d8efd6c089c534ccbede566394c0ac1e265bfe5d89fe76e80332f3d75a636
  md5: 6ff0b9582da2d4a74a1f9ae1f9ce2af6
  depends:
  - libgcc-ng >=12
  - python >=3.12,<3.13.0a0
  - python_abi 3.12.* *_cp312
  constrains:
  - jinja2 >=3.0.0
  license: BSD-3-Clause
  license_family: BSD
  size: 26685
  timestamp: 1706900070330
- kind: conda
  name: mergedeep
  version: 1.3.4
  build: pyhd8ed1ab_0
  subdir: noarch
  noarch: python
  url: https://conda.anaconda.org/conda-forge/noarch/mergedeep-1.3.4-pyhd8ed1ab_0.tar.bz2
  sha256: 41ad8c16876820981adfc6e17a62935c950214bd9a9bb092e6aaefdc89a33f0b
  md5: 1a160a3cab5cb6bd46264b52cd6f69a2
  depends:
  - python >=3.6
  license: MIT
  license_family: MIT
  size: 9598
  timestamp: 1612711404414
- kind: conda
  name: mkdocs
  version: 1.6.0
  build: pyhd8ed1ab_0
  subdir: noarch
  noarch: python
  url: https://conda.anaconda.org/conda-forge/noarch/mkdocs-1.6.0-pyhd8ed1ab_0.conda
  sha256: d15180924550ece7ef30c1868af23b4a3a02d650533c72977a27ba4fca3cc3a3
  md5: e938f734bcc0cfdccf85e5f7ed573c8e
  depends:
  - click >=7.0
  - colorama >=0.4
  - ghp-import >=1.0
  - importlib-metadata >=4.4
  - jinja2 >=2.11.1
  - markdown >=3.3.6
  - markupsafe >=2.0.1
  - mergedeep >=1.3.4
  - mkdocs-get-deps >=0.2.0
  - packaging >=20.5
  - pathspec >=0.11.1
  - python >=3.8
  - pyyaml >=5.1
  - pyyaml-env-tag >=0.1
  - watchdog >=2.0
  constrains:
  - babel >=2.9.0
  license: BSD-2-Clause
  license_family: BSD
  size: 3523311
  timestamp: 1714253186566
- kind: conda
  name: mkdocs-get-deps
  version: 0.2.0
  build: pyhd8ed1ab_0
  subdir: noarch
  noarch: python
  url: https://conda.anaconda.org/conda-forge/noarch/mkdocs-get-deps-0.2.0-pyhd8ed1ab_0.conda
  sha256: aa6207994b15a15b5f82a442804c279bf78f6c4680f0903fb015294c41e34b30
  md5: 0365c9a6e4e41732bde159112b0aef4d
  depends:
  - importlib-metadata >=4.3
  - mergedeep >=1.3.4
  - platformdirs >=2.2.0
  - python >=3.8
  - pyyaml >=5.1
  license: MIT
  license_family: MIT
  size: 14733
  timestamp: 1713710951974
- kind: conda
  name: mkdocs-git-committers-plugin-2
  version: 2.3.0
  build: pyhd8ed1ab_0
  subdir: noarch
  noarch: python
  url: https://conda.anaconda.org/conda-forge/noarch/mkdocs-git-committers-plugin-2-2.3.0-pyhd8ed1ab_0.conda
  sha256: a7cd56268de9981f8fbf79817ef2637fb72e6cf1c7fc2b1221cb044c3c3f3881
  md5: e5e2de9077459526def71c7eca20691f
  depends:
  - gitpython
  - mkdocs >=1.0.3
  - python >=3.8,<4.0
  - requests
  license: MIT
  license_family: MIT
  size: 15340
  timestamp: 1708772544399
- kind: conda
  name: mkdocs-git-revision-date-localized-plugin
  version: 1.2.5
  build: pyhd8ed1ab_0
  subdir: noarch
  noarch: python
  url: https://conda.anaconda.org/conda-forge/noarch/mkdocs-git-revision-date-localized-plugin-1.2.5-pyhd8ed1ab_0.conda
  sha256: 2aeaad84ae5e5a35828e39eea5baaf1be30f1f71060aa1257b505eeb536d3916
  md5: 33bffd1ce7bcac72bedea16edcd9832e
  depends:
  - babel >=2.7.0
  - gitpython
  - mkdocs >=1.0
  - python >=3.6
  license: MIT
  license_family: MIT
  size: 25240
  timestamp: 1714905583037
- kind: conda
  name: mkdocs-material
  version: 9.5.24
  build: pyhd8ed1ab_0
  subdir: noarch
  noarch: python
  url: https://conda.anaconda.org/conda-forge/noarch/mkdocs-material-9.5.24-pyhd8ed1ab_0.conda
  sha256: b770b3c4515c9caf384ff00971b0634273c8423a4ff637750991d67f22b8339a
  md5: ffd7f121bc84369883dd0bfc32666353
  depends:
  - babel ~=2.10
  - colorama ~=0.4
  - jinja2 ~=3.0
  - markdown ~=3.2
  - mkdocs ~=1.6
  - mkdocs-material-extensions ~=1.3
  - paginate ~=0.5
  - pygments ~=2.16
  - pymdown-extensions ~=10.2
  - python >=3.8
  - regex >=2022.4
  - requests ~=2.26
  license: MIT
  license_family: MIT
  size: 5016063
  timestamp: 1716225650894
- kind: conda
  name: mkdocs-material-extensions
  version: 1.3.1
  build: pyhd8ed1ab_0
  subdir: noarch
  noarch: python
  url: https://conda.anaconda.org/conda-forge/noarch/mkdocs-material-extensions-1.3.1-pyhd8ed1ab_0.conda
  sha256: e01a349f4816ba7513f8b230ca2c4f703a7ccc7f7d78535076f9215ca766ec78
  md5: 6e7e399b351756b9d181c64a362bdcb5
  depends:
  - python >=3.8
  constrains:
  - mkdocs-material >=5.0.0
  license: MIT
  license_family: MIT
  size: 16011
  timestamp: 1700695213251
- kind: conda
  name: ncurses
  version: '6.5'
  build: h59595ed_0
  subdir: linux-64
  url: https://conda.anaconda.org/conda-forge/linux-64/ncurses-6.5-h59595ed_0.conda
  sha256: 4fc3b384f4072b68853a0013ea83bdfd3d66b0126e2238e1d6e1560747aa7586
  md5: fcea371545eda051b6deafb24889fc69
  depends:
  - libgcc-ng >=12
  license: X11 AND BSD-3-Clause
  size: 887465
  timestamp: 1715194722503
- kind: conda
  name: openssl
  version: 3.3.0
  build: h4ab18f5_3
  build_number: 3
  subdir: linux-64
  url: https://conda.anaconda.org/conda-forge/linux-64/openssl-3.3.0-h4ab18f5_3.conda
  sha256: 33dcea0ed3a61b2de6b66661cdd55278640eb99d676cd129fbff3e53641fa125
  md5: 12ea6d0d4ed54530eaed18e4835c1f7c
  depends:
  - ca-certificates
  - libgcc-ng >=12
  constrains:
  - pyopenssl >=22.1
  license: Apache-2.0
  license_family: Apache
  size: 2891147
  timestamp: 1716468354865
- kind: conda
  name: packaging
  version: '24.0'
  build: pyhd8ed1ab_0
  subdir: noarch
  noarch: python
  url: https://conda.anaconda.org/conda-forge/noarch/packaging-24.0-pyhd8ed1ab_0.conda
  sha256: a390182d74c31dfd713c16db888c92c277feeb6d1fe96ff9d9c105f9564be48a
  md5: 248f521b64ce055e7feae3105e7abeb8
  depends:
  - python >=3.8
  license: Apache-2.0
  license_family: APACHE
  size: 49832
  timestamp: 1710076089469
- kind: conda
  name: paginate
  version: 0.5.6
  build: pyhd8ed1ab_0
  subdir: noarch
  noarch: python
  url: https://conda.anaconda.org/conda-forge/noarch/paginate-0.5.6-pyhd8ed1ab_0.conda
  sha256: 8d9d18c2892d49c33fab3e215cdbc55a2ba30a28c1f52e5e5d61cb435803726b
  md5: 5d454974a1b5c6f4d468f91812331d53
  depends:
  - python >=3.4
  license: MIT
  license_family: MIT
  size: 18537
  timestamp: 1693246970487
- kind: conda
  name: pathspec
  version: 0.12.1
  build: pyhd8ed1ab_0
  subdir: noarch
  noarch: python
  url: https://conda.anaconda.org/conda-forge/noarch/pathspec-0.12.1-pyhd8ed1ab_0.conda
  sha256: 4e534e66bfe8b1e035d2169d0e5b185450546b17e36764272863e22e0370be4d
  md5: 17064acba08d3686f1135b5ec1b32b12
  depends:
  - python >=3.7
  license: MPL-2.0
  license_family: MOZILLA
  size: 41173
  timestamp: 1702250135032
- kind: conda
  name: pipreqs
  version: 0.4.13
  build: pyhd8ed1ab_0
  subdir: noarch
  noarch: python
  url: https://conda.anaconda.org/conda-forge/noarch/pipreqs-0.4.13-pyhd8ed1ab_0.conda
  sha256: 6b6abad23455a0809cd307d58a7162505bc3c5d2003635a61708b9eaf2c7383d
  md5: ea2c6f2c9f5e84772c41f7e2ab6012ff
  depends:
  - docopt
  - python >=3.6
  - yarg
  license: Apache-2.0
  license_family: Apache
  size: 35879
  timestamp: 1681460639085
- kind: conda
  name: platformdirs
  version: 4.2.2
  build: pyhd8ed1ab_0
  subdir: noarch
  noarch: python
  url: https://conda.anaconda.org/conda-forge/noarch/platformdirs-4.2.2-pyhd8ed1ab_0.conda
  sha256: adc59384cf0b2fc6dc7362840151e8cb076349197a38f7230278252698a88442
  md5: 6f6cf28bf8e021933869bae3f84b8fc9
  depends:
  - python >=3.8
  license: MIT
  license_family: MIT
  size: 20572
  timestamp: 1715777739019
- kind: conda
  name: pygments
  version: 2.18.0
  build: pyhd8ed1ab_0
  subdir: noarch
  noarch: python
  url: https://conda.anaconda.org/conda-forge/noarch/pygments-2.18.0-pyhd8ed1ab_0.conda
  sha256: 78267adf4e76d0d64ea2ffab008c501156c108bb08fecb703816fb63e279780b
  md5: b7f5c092b8f9800150d998a71b76d5a1
  depends:
  - python >=3.8
  license: BSD-2-Clause
  license_family: BSD
  size: 879295
  timestamp: 1714846885370
- kind: conda
  name: pymdown-extensions
  version: 10.8.1
  build: pyhd8ed1ab_0
  subdir: noarch
  noarch: python
  url: https://conda.anaconda.org/conda-forge/noarch/pymdown-extensions-10.8.1-pyhd8ed1ab_0.conda
  sha256: 72aaeb14c9a0af5a515786dc4b8951a0b75da8ae22a048a86022919f33d46b42
  md5: 027d741bee97d67b689a39df3ef812fb
  depends:
  - markdown >=3.6
  - python >=3.7
  - pyyaml
  license: MIT
  license_family: MIT
  size: 158717
  timestamp: 1714261991332
- kind: conda
  name: pysocks
  version: 1.7.1
  build: pyha2e5f31_6
  build_number: 6
  subdir: noarch
  noarch: python
  url: https://conda.anaconda.org/conda-forge/noarch/pysocks-1.7.1-pyha2e5f31_6.tar.bz2
  sha256: a42f826e958a8d22e65b3394f437af7332610e43ee313393d1cf143f0a2d274b
  md5: 2a7de29fb590ca14b5243c4c812c8025
  depends:
  - __unix
  - python >=3.8
  license: BSD-3-Clause
  license_family: BSD
  size: 18981
  timestamp: 1661604969727
- kind: conda
  name: python
  version: 3.12.3
  build: hab00c5b_0_cpython
  subdir: linux-64
  url: https://conda.anaconda.org/conda-forge/linux-64/python-3.12.3-hab00c5b_0_cpython.conda
  sha256: f9865bcbff69f15fd89a33a2da12ad616e98d65ce7c83c644b92e66e5016b227
  md5: 2540b74d304f71d3e89c81209db4db84
  depends:
  - bzip2 >=1.0.8,<2.0a0
  - ld_impl_linux-64 >=2.36.1
  - libexpat >=2.6.2,<3.0a0
  - libffi >=3.4,<4.0a0
  - libgcc-ng >=12
  - libnsl >=2.0.1,<2.1.0a0
  - libsqlite >=3.45.2,<4.0a0
  - libuuid >=2.38.1,<3.0a0
  - libxcrypt >=4.4.36
  - libzlib >=1.2.13,<1.3.0a0
  - ncurses >=6.4.20240210,<7.0a0
  - openssl >=3.2.1,<4.0a0
  - readline >=8.2,<9.0a0
  - tk >=8.6.13,<8.7.0a0
  - tzdata
  - xz >=5.2.6,<6.0a0
  constrains:
  - python_abi 3.12.* *_cp312
  license: Python-2.0
  size: 31991381
  timestamp: 1713208036041
- kind: conda
  name: python-dateutil
  version: 2.9.0
  build: pyhd8ed1ab_0
  subdir: noarch
  noarch: python
  url: https://conda.anaconda.org/conda-forge/noarch/python-dateutil-2.9.0-pyhd8ed1ab_0.conda
  sha256: f3ceef02ac164a8d3a080d0d32f8e2ebe10dd29e3a685d240e38b3599e146320
  md5: 2cf4264fffb9e6eff6031c5b6884d61c
  depends:
  - python >=3.7
  - six >=1.5
  license: Apache-2.0
  license_family: APACHE
  size: 222742
  timestamp: 1709299922152
- kind: conda
  name: python_abi
  version: '3.12'
  build: 4_cp312
  build_number: 4
  subdir: linux-64
  url: https://conda.anaconda.org/conda-forge/linux-64/python_abi-3.12-4_cp312.conda
  sha256: 182a329de10a4165f6e8a3804caf751f918f6ea6176dd4e5abcdae1ed3095bf6
  md5: dccc2d142812964fcc6abdc97b672dff
  constrains:
  - python 3.12.* *_cpython
  license: BSD-3-Clause
  license_family: BSD
  size: 6385
  timestamp: 1695147396604
- kind: conda
  name: pytz
  version: '2024.1'
  build: pyhd8ed1ab_0
  subdir: noarch
  noarch: python
  url: https://conda.anaconda.org/conda-forge/noarch/pytz-2024.1-pyhd8ed1ab_0.conda
  sha256: 1a7d6b233f7e6e3bbcbad054c8fd51e690a67b129a899a056a5e45dd9f00cb41
  md5: 3eeeeb9e4827ace8c0c1419c85d590ad
  depends:
  - python >=3.7
  license: MIT
  license_family: MIT
  size: 188538
  timestamp: 1706886944988
- kind: conda
  name: pyyaml
  version: 6.0.1
  build: py312h98912ed_1
  build_number: 1
  subdir: linux-64
  url: https://conda.anaconda.org/conda-forge/linux-64/pyyaml-6.0.1-py312h98912ed_1.conda
  sha256: 7f347a10a7121b08d79d21cd4f438c07c23479ea0c74dfb89d6dc416f791bb7f
  md5: e3fd78d8d490af1d84763b9fe3f2e552
  depends:
  - libgcc-ng >=12
  - python >=3.12.0rc3,<3.13.0a0
  - python_abi 3.12.* *_cp312
  - yaml >=0.2.5,<0.3.0a0
  license: MIT
  license_family: MIT
  size: 196583
  timestamp: 1695373632212
- kind: conda
  name: pyyaml-env-tag
  version: '0.1'
  build: pyhd8ed1ab_0
  subdir: noarch
  noarch: python
  url: https://conda.anaconda.org/conda-forge/noarch/pyyaml-env-tag-0.1-pyhd8ed1ab_0.tar.bz2
  sha256: 900319483135730d9836855a807822f0500b1a239520749103e9ef9b7ba9f246
  md5: 626ed9060ddeb681ddc42bcad89156ab
  depends:
  - python >=3.6
  - pyyaml
  license: MIT
  license_family: MIT
  size: 7473
  timestamp: 1624389117412
- kind: conda
  name: readline
  version: '8.2'
  build: h8228510_1
  build_number: 1
  subdir: linux-64
  url: https://conda.anaconda.org/conda-forge/linux-64/readline-8.2-h8228510_1.conda
  sha256: 5435cf39d039387fbdc977b0a762357ea909a7694d9528ab40f005e9208744d7
  md5: 47d31b792659ce70f470b5c82fdfb7a4
  depends:
  - libgcc-ng >=12
  - ncurses >=6.3,<7.0a0
  license: GPL-3.0-only
  license_family: GPL
  size: 281456
  timestamp: 1679532220005
- kind: conda
  name: regex
  version: 2024.5.15
  build: py312h9a8786e_0
  subdir: linux-64
  url: https://conda.anaconda.org/conda-forge/linux-64/regex-2024.5.15-py312h9a8786e_0.conda
  sha256: 4050b3f70bd3ef81ae175acab0dfc2019fde84ab71b6b12903b3eb9bbd35661e
  md5: d3c8a64188a7331e3df3be6b06d5309e
  depends:
  - libgcc-ng >=12
  - python >=3.12,<3.13.0a0
  - python_abi 3.12.* *_cp312
  license: Python-2.0
  license_family: PSF
  size: 398199
  timestamp: 1715828558963
- kind: conda
  name: requests
  version: 2.32.2
  build: pyhd8ed1ab_0
  subdir: noarch
  noarch: python
  url: https://conda.anaconda.org/conda-forge/noarch/requests-2.32.2-pyhd8ed1ab_0.conda
  sha256: 115b796fddc846bee6f47e3c57d04d12fa93a47a7a8ef639cefdc05203c1bf00
  md5: e1643b34b19df8c028a4f00bf5df58a6
  depends:
  - certifi >=2017.4.17
  - charset-normalizer >=2,<4
  - idna >=2.5,<4
  - python >=3.7
  - urllib3 >=1.21.1,<3
  constrains:
  - chardet >=3.0.2,<6
  license: Apache-2.0
  license_family: APACHE
  size: 57885
  timestamp: 1716354575895
- kind: conda
  name: s3transfer
  version: 0.10.1
  build: pyhd8ed1ab_0
  subdir: noarch
  noarch: python
  url: https://conda.anaconda.org/conda-forge/noarch/s3transfer-0.10.1-pyhd8ed1ab_0.conda
  sha256: 1802059a0df82b191ecd4afab9c93599033b88370fac2b4d0e9687a831e92ab4
  md5: a41cafc1fb653ce0e48b9310226e90fd
  depends:
  - botocore >=1.33.2,<2.0a.0
  - python >=3.8
  license: Apache-2.0
  license_family: Apache
  size: 62624
  timestamp: 1710497407653
- kind: conda
  name: setuptools
  version: 70.0.0
  build: pyhd8ed1ab_0
  subdir: noarch
  noarch: python
  url: https://conda.anaconda.org/conda-forge/noarch/setuptools-70.0.0-pyhd8ed1ab_0.conda
  sha256: daa4638d288cfdf3b0ecea395d8efa25cafc4ebf4026464a36c797c84541d2be
  md5: c8ddb4f34a208df4dd42509a0f6a1c89
  depends:
  - python >=3.8
  license: MIT
  license_family: MIT
  size: 483015
  timestamp: 1716368141661
- kind: conda
  name: six
  version: 1.16.0
  build: pyh6c4a22f_0
  subdir: noarch
  noarch: python
  url: https://conda.anaconda.org/conda-forge/noarch/six-1.16.0-pyh6c4a22f_0.tar.bz2
  sha256: a85c38227b446f42c5b90d9b642f2c0567880c15d72492d8da074a59c8f91dd6
  md5: e5f25f8dbc060e9a8d912e432202afc2
  depends:
  - python
  license: MIT
  license_family: MIT
  size: 14259
  timestamp: 1620240338595
- kind: conda
  name: smmap
  version: 5.0.0
  build: pyhd8ed1ab_0
  subdir: noarch
  noarch: python
  url: https://conda.anaconda.org/conda-forge/noarch/smmap-5.0.0-pyhd8ed1ab_0.tar.bz2
  sha256: 23011cb3e064525bdb8787c75126a2e78d2344a72cd6773922006d1da1f2af16
  md5: 62f26a3d1387acee31322208f0cfa3e0
  depends:
  - python >=3.5
  license: BSD-3-Clause
  license_family: BSD
  size: 22483
  timestamp: 1634310465482
- kind: conda
  name: tk
  version: 8.6.13
  build: noxft_h4845f30_101
  build_number: 101
  subdir: linux-64
  url: https://conda.anaconda.org/conda-forge/linux-64/tk-8.6.13-noxft_h4845f30_101.conda
  sha256: e0569c9caa68bf476bead1bed3d79650bb080b532c64a4af7d8ca286c08dea4e
  md5: d453b98d9c83e71da0741bb0ff4d76bc
  depends:
  - libgcc-ng >=12
  - libzlib >=1.2.13,<1.3.0a0
  license: TCL
  license_family: BSD
  size: 3318875
  timestamp: 1699202167581
- kind: conda
  name: typing_extensions
  version: 4.11.0
  build: pyha770c72_0
  subdir: noarch
  noarch: python
  url: https://conda.anaconda.org/conda-forge/noarch/typing_extensions-4.11.0-pyha770c72_0.conda
  sha256: a7e8714d14f854058e971a6ed44f18cc37cc685f98ddefb2e6b7899a0cc4d1a2
  md5: 6ef2fc37559256cf682d8b3375e89b80
  depends:
  - python >=3.8
  license: PSF-2.0
  license_family: PSF
  size: 37583
  timestamp: 1712330089194
- kind: conda
  name: tzdata
  version: 2024a
  build: h0c530f3_0
  subdir: noarch
  noarch: generic
  url: https://conda.anaconda.org/conda-forge/noarch/tzdata-2024a-h0c530f3_0.conda
  sha256: 7b2b69c54ec62a243eb6fba2391b5e443421608c3ae5dbff938ad33ca8db5122
  md5: 161081fc7cec0bfda0d86d7cb595f8d8
  license: LicenseRef-Public-Domain
  size: 119815
  timestamp: 1706886945727
- kind: conda
  name: urllib3
  version: 2.2.1
  build: pyhd8ed1ab_0
  subdir: noarch
  noarch: python
  url: https://conda.anaconda.org/conda-forge/noarch/urllib3-2.2.1-pyhd8ed1ab_0.conda
  sha256: d4009dcc9327684d6409706ce17656afbeae690d8522d3c9bc4df57649a352cd
  md5: 08807a87fa7af10754d46f63b368e016
  depends:
  - brotli-python >=1.0.9
  - pysocks >=1.5.6,<2.0,!=1.5.7
  - python >=3.7
  license: MIT
  license_family: MIT
  size: 94669
  timestamp: 1708239595549
- kind: conda
  name: watchdog
  version: 4.0.1
  build: py312h7900ff3_0
  subdir: linux-64
  url: https://conda.anaconda.org/conda-forge/linux-64/watchdog-4.0.1-py312h7900ff3_0.conda
  sha256: c4786da0c938a65cea07e2bb3fe76dbeed6968c322994c66395176307cf78425
  md5: 7cc94a3b5e9698eecc2c39dbf7a173db
  depends:
  - python >=3.12,<3.13.0a0
  - python_abi 3.12.* *_cp312
  - pyyaml >=3.10
  license: Apache-2.0
  size: 136444
  timestamp: 1716561872155
- kind: conda
  name: werkzeug
  version: 3.0.3
  build: pyhd8ed1ab_0
  subdir: noarch
  noarch: python
  url: https://conda.anaconda.org/conda-forge/noarch/werkzeug-3.0.3-pyhd8ed1ab_0.conda
  sha256: a77d0c67096999c35854e0480e3b978ef72ee008e295e92b0dc67116b2398661
  md5: 2e60f5f388845027ee87fca6bee4ac23
  depends:
  - markupsafe >=2.1.1
  - python >=3.8
  license: BSD-3-Clause
  license_family: BSD
  size: 242920
  timestamp: 1715000337645
- kind: conda
  name: xz
  version: 5.2.6
  build: h166bdaf_0
  subdir: linux-64
  url: https://conda.anaconda.org/conda-forge/linux-64/xz-5.2.6-h166bdaf_0.tar.bz2
  sha256: 03a6d28ded42af8a347345f82f3eebdd6807a08526d47899a42d62d319609162
  md5: 2161070d867d1b1204ea749c8eec4ef0
  depends:
  - libgcc-ng >=12
  license: LGPL-2.1 and GPL-2.0
  size: 418368
  timestamp: 1660346797927
- kind: conda
  name: yaml
  version: 0.2.5
  build: h7f98852_2
  build_number: 2
  subdir: linux-64
  url: https://conda.anaconda.org/conda-forge/linux-64/yaml-0.2.5-h7f98852_2.tar.bz2
  sha256: a4e34c710eeb26945bdbdaba82d3d74f60a78f54a874ec10d373811a5d217535
  md5: 4cb3ad778ec2d5a7acbdf254eb1c42ae
  depends:
  - libgcc-ng >=9.4.0
  license: MIT
  license_family: MIT
  size: 89141
  timestamp: 1641346969816
- kind: conda
  name: yarg
  version: 0.1.9
  build: py_1
  build_number: 1
  subdir: noarch
  noarch: python
  url: https://conda.anaconda.org/conda-forge/noarch/yarg-0.1.9-py_1.tar.bz2
  sha256: 7ec2c95ff7fe43df35c3cf281faf3be9ad00552e81a6c9e002c8f07309ec887e
  md5: b1142268ff8df6776f7ce755b1753b28
  depends:
  - python
  - requests
  license: MIT
  license_family: MIT
  size: 12967
- kind: conda
  name: zipp
  version: 3.17.0
  build: pyhd8ed1ab_0
  subdir: noarch
  noarch: python
  url: https://conda.anaconda.org/conda-forge/noarch/zipp-3.17.0-pyhd8ed1ab_0.conda
  sha256: bced1423fdbf77bca0a735187d05d9b9812d2163f60ab426fc10f11f92ecbe26
  md5: 2e4d6bc0b14e10f895fc6791a7d9b26a
  depends:
  - python >=3.8
  license: MIT
  license_family: MIT
  size: 18954
  timestamp: 1695255262261
